// !$*UTF8*$!
{
	archiveVersion = 1;
	classes = {
	};
	objectVersion = 46;
	objects = {

/* Begin PBXBuildFile section */
		3E908C7F1E70F82B00DE50DE /* basic-tutorial-6.c in Sources */ = {isa = PBXBuildFile; fileRef = 3E908C7E1E70F82B00DE50DE /* basic-tutorial-6.c */; };
		3E908C871E70F8D700DE50DE /* GStreamer.framework in Frameworks */ = {isa = PBXBuildFile; fileRef = 3E908C861E70F8D700DE50DE /* GStreamer.framework */; };
		3E908C891E71001F00DE50DE /* basic-encode.c in Sources */ = {isa = PBXBuildFile; fileRef = 3E908C881E71001F00DE50DE /* basic-encode.c */; };
/* End PBXBuildFile section */

/* Begin PBXCopyFilesBuildPhase section */
		3E908C791E70F82B00DE50DE /* CopyFiles */ = {
			isa = PBXCopyFilesBuildPhase;
			buildActionMask = 2147483647;
			dstPath = /usr/share/man/man1/;
			dstSubfolderSpec = 0;
			files = (
			);
			runOnlyForDeploymentPostprocessing = 1;
		};
/* End PBXCopyFilesBuildPhase section */

/* Begin PBXFileReference section */
		3E908C7B1E70F82B00DE50DE /* MediaFormatPadcapabilities */ = {isa = PBXFileReference; explicitFileType = "compiled.mach-o.executable"; includeInIndex = 0; path = MediaFormatPadcapabilities; sourceTree = BUILT_PRODUCTS_DIR; };
		3E908C7E1E70F82B00DE50DE /* basic-tutorial-6.c */ = {isa = PBXFileReference; lastKnownFileType = sourcecode.c.c; path = "basic-tutorial-6.c"; sourceTree = "<group>"; };
		3E908C861E70F8D700DE50DE /* GStreamer.framework */ = {isa = PBXFileReference; lastKnownFileType = wrapper.framework; name = GStreamer.framework; path = ../../../../../../Library/Frameworks/GStreamer.framework; sourceTree = "<group>"; };
		3E908C881E71001F00DE50DE /* basic-encode.c */ = {isa = PBXFileReference; fileEncoding = 4; lastKnownFileType = sourcecode.c.c; path = "basic-encode.c"; sourceTree = "<group>"; };
/* End PBXFileReference section */

/* Begin PBXFrameworksBuildPhase section */
		3E908C781E70F82B00DE50DE /* Frameworks */ = {
			isa = PBXFrameworksBuildPhase;
			buildActionMask = 2147483647;
			files = (
				3E908C871E70F8D700DE50DE /* GStreamer.framework in Frameworks */,
			);
			runOnlyForDeploymentPostprocessing = 0;
		};
/* End PBXFrameworksBuildPhase section */

/* Begin PBXGroup section */
		3E908C721E70F82B00DE50DE = {
			isa = PBXGroup;
			children = (
				3E908C7D1E70F82B00DE50DE /* MediaFormatPadcapabilities */,
				3E908C7C1E70F82B00DE50DE /* Products */,
				3E908C851E70F8D700DE50DE /* Frameworks */,
			);
			sourceTree = "<group>";
		};
		3E908C7C1E70F82B00DE50DE /* Products */ = {
			isa = PBXGroup;
			children = (
				3E908C7B1E70F82B00DE50DE /* MediaFormatPadcapabilities */,
			);
			name = Products;
			sourceTree = "<group>";
		};
		3E908C7D1E70F82B00DE50DE /* MediaFormatPadcapabilities */ = {
			isa = PBXGroup;
			children = (
				3E908C7E1E70F82B00DE50DE /* basic-tutorial-6.c */,
				3E908C881E71001F00DE50DE /* basic-encode.c */,
			);
			path = MediaFormatPadcapabilities;
			sourceTree = "<group>";
		};
		3E908C851E70F8D700DE50DE /* Frameworks */ = {
			isa = PBXGroup;
			children = (
				3E908C861E70F8D700DE50DE /* GStreamer.framework */,
			);
			name = Frameworks;
			sourceTree = "<group>";
		};
/* End PBXGroup section */

/* Begin PBXNativeTarget section */
		3E908C7A1E70F82B00DE50DE /* MediaFormatPadcapabilities */ = {
			isa = PBXNativeTarget;
			buildConfigurationList = 3E908C821E70F82B00DE50DE /* Build configuration list for PBXNativeTarget "MediaFormatPadcapabilities" */;
			buildPhases = (
				3E908C771E70F82B00DE50DE /* Sources */,
				3E908C781E70F82B00DE50DE /* Frameworks */,
				3E908C791E70F82B00DE50DE /* CopyFiles */,
			);
			buildRules = (
			);
			dependencies = (
			);
			name = MediaFormatPadcapabilities;
			productName = MediaFormatPadcapabilities;
			productReference = 3E908C7B1E70F82B00DE50DE /* MediaFormatPadcapabilities */;
			productType = "com.apple.product-type.tool";
		};
/* End PBXNativeTarget section */

/* Begin PBXProject section */
		3E908C731E70F82B00DE50DE /* Project object */ = {
			isa = PBXProject;
			attributes = {
				LastUpgradeCheck = 0820;
				ORGANIZATIONNAME = shuyj;
				TargetAttributes = {
					3E908C7A1E70F82B00DE50DE = {
						CreatedOnToolsVersion = 8.2.1;
						DevelopmentTeam = 6RB3Z585UN;
						ProvisioningStyle = Automatic;
					};
				};
			};
			buildConfigurationList = 3E908C761E70F82B00DE50DE /* Build configuration list for PBXProject "MediaFormatPadcapabilities" */;
			compatibilityVersion = "Xcode 3.2";
			developmentRegion = English;
			hasScannedForEncodings = 0;
			knownRegions = (
				en,
			);
			mainGroup = 3E908C721E70F82B00DE50DE;
			productRefGroup = 3E908C7C1E70F82B00DE50DE /* Products */;
			projectDirPath = "";
			projectRoot = "";
			targets = (
				3E908C7A1E70F82B00DE50DE /* MediaFormatPadcapabilities */,
			);
		};
/* End PBXProject section */

/* Begin PBXSourcesBuildPhase section */
		3E908C771E70F82B00DE50DE /* Sources */ = {
			isa = PBXSourcesBuildPhase;
			buildActionMask = 2147483647;
			files = (
				3E908C891E71001F00DE50DE /* basic-encode.c in Sources */,
				3E908C7F1E70F82B00DE50DE /* basic-tutorial-6.c in Sources */,
			);
			runOnlyForDeploymentPostprocessing = 0;
		};
/* End PBXSourcesBuildPhase section */

/* Begin XCBuildConfiguration section */
		3E908C801E70F82B00DE50DE /* Debug */ = {
			isa = XCBuildConfiguration;
			buildSettings = {
				ALWAYS_SEARCH_USER_PATHS = NO;
				CLANG_ANALYZER_NONNULL = YES;
				CLANG_CXX_LANGUAGE_STANDARD = "gnu++0x";
				CLANG_CXX_LIBRARY = "libc++";
				CLANG_ENABLE_MODULES = YES;
				CLANG_ENABLE_OBJC_ARC = YES;
				CLANG_WARN_BOOL_CONVERSION = YES;
				CLANG_WARN_CONSTANT_CONVERSION = YES;
				CLANG_WARN_DIRECT_OBJC_ISA_USAGE = YES_ERROR;
				CLANG_WARN_DOCUMENTATION_COMMENTS = YES;
				CLANG_WARN_EMPTY_BODY = YES;
				CLANG_WARN_ENUM_CONVERSION = YES;
				CLANG_WARN_INFINITE_RECURSION = YES;
				CLANG_WARN_INT_CONVERSION = YES;
				CLANG_WARN_OBJC_ROOT_CLASS = YES_ERROR;
				CLANG_WARN_SUSPICIOUS_MOVE = YES;
				CLANG_WARN_UNREACHABLE_CODE = YES;
				CLANG_WARN__DUPLICATE_METHOD_MATCH = YES;
				CODE_SIGN_IDENTITY = "-";
				COPY_PHASE_STRIP = NO;
				DEBUG_INFORMATION_FORMAT = dwarf;
				ENABLE_STRICT_OBJC_MSGSEND = YES;
				ENABLE_TESTABILITY = YES;
				GCC_C_LANGUAGE_STANDARD = gnu99;
				GCC_DYNAMIC_NO_PIC = NO;
				GCC_NO_COMMON_BLOCKS = YES;
				GCC_OPTIMIZATION_LEVEL = 0;
				GCC_PREPROCESSOR_DEFINITIONS = (
					"DEBUG=1",
					"$(inherited)",
				);
				GCC_WARN_64_TO_32_BIT_CONVERSION = YES;
				GCC_WARN_ABOUT_RETURN_TYPE = YES_ERROR;
				GCC_WARN_UNDECLARED_SELECTOR = YES;
				GCC_WARN_UNINITIALIZED_AUTOS = YES_AGGRESSIVE;
				GCC_WARN_UNUSED_FUNCTION = YES;
				GCC_WARN_UNUSED_VARIABLE = YES;
				MACOSX_DEPLOYMENT_TARGET = 10.12;
				MTL_ENABLE_DEBUG_INFO = YES;
				ONLY_ACTIVE_ARCH = YES;
				SDKROOT = macosx;
			};
			name = Debug;
		};
		3E908C811E70F82B00DE50DE /* Release */ = {
			isa = XCBuildConfiguration;
			buildSettings = {
				ALWAYS_SEARCH_USER_PATHS = NO;
				CLANG_ANALYZER_NONNULL = YES;
				CLANG_CXX_LANGUAGE_STANDARD = "gnu++0x";
				CLANG_CXX_LIBRARY = "libc++";
				CLANG_ENABLE_MODULES = YES;
				CLANG_ENABLE_OBJC_ARC = YES;
				CLANG_WARN_BOOL_CONVERSION = YES;
				CLANG_WARN_CONSTANT_CONVERSION = YES;
				CLANG_WARN_DIRECT_OBJC_ISA_USAGE = YES_ERROR;
				CLANG_WARN_DOCUMENTATION_COMMENTS = YES;
				CLANG_WARN_EMPTY_BODY = YES;
				CLANG_WARN_ENUM_CONVERSION = YES;
				CLANG_WARN_INFINITE_RECURSION = YES;
				CLANG_WARN_INT_CONVERSION = YES;
				CLANG_WARN_OBJC_ROOT_CLASS = YES_ERROR;
				CLANG_WARN_SUSPICIOUS_MOVE = YES;
				CLANG_WARN_UNREACHABLE_CODE = YES;
				CLANG_WARN__DUPLICATE_METHOD_MATCH = YES;
				CODE_SIGN_IDENTITY = "-";
				COPY_PHASE_STRIP = NO;
				DEBUG_INFORMATION_FORMAT = "dwarf-with-dsym";
				ENABLE_NS_ASSERTIONS = NO;
				ENABLE_STRICT_OBJC_MSGSEND = YES;
				GCC_C_LANGUAGE_STANDARD = gnu99;
				GCC_NO_COMMON_BLOCKS = YES;
				GCC_WARN_64_TO_32_BIT_CONVERSION = YES;
				GCC_WARN_ABOUT_RETURN_TYPE = YES_ERROR;
				GCC_WARN_UNDECLARED_SELECTOR = YES;
				GCC_WARN_UNINITIALIZED_AUTOS = YES_AGGRESSIVE;
				GCC_WARN_UNUSED_FUNCTION = YES;
				GCC_WARN_UNUSED_VARIABLE = YES;
				MACOSX_DEPLOYMENT_TARGET = 10.12;
				MTL_ENABLE_DEBUG_INFO = NO;
				SDKROOT = macosx;
			};
			name = Release;
		};
		3E908C831E70F82B00DE50DE /* Debug */ = {
			isa = XCBuildConfiguration;
			buildSettings = {
				DEVELOPMENT_TEAM = 6RB3Z585UN;
				FRAMEWORK_SEARCH_PATHS = "$(LOCAL_LIBRARY_DIR)/Frameworks";
				HEADER_SEARCH_PATHS = /Library/Frameworks/GStreamer.framework/Versions/1.0/Headers;
				PRODUCT_NAME = "$(TARGET_NAME)";
			};
			name = Debug;
		};
		3E908C841E70F82B00DE50DE /* Release */ = {
			isa = XCBuildConfiguration;
			buildSettings = {
				DEVELOPMENT_TEAM = 6RB3Z585UN;
				FRAMEWORK_SEARCH_PATHS = "$(LOCAL_LIBRARY_DIR)/Frameworks";
				HEADER_SEARCH_PATHS = /Library/Frameworks/GStreamer.framework/Versions/1.0/Headers;
				PRODUCT_NAME = "$(TARGET_NAME)";
			};
			name = Release;
		};
/* End XCBuildConfiguration section */

/* Begin XCConfigurationList section */
		3E908C761E70F82B00DE50DE /* Build configuration list for PBXProject "MediaFormatPadcapabilities" */ = {
			isa = XCConfigurationList;
			buildConfigurations = (
				3E908C801E70F82B00DE50DE /* Debug */,
				3E908C811E70F82B00DE50DE /* Release */,
			);
			defaultConfigurationIsVisible = 0;
			defaultConfigurationName = Release;
		};
		3E908C821E70F82B00DE50DE /* Build configuration list for PBXNativeTarget "MediaFormatPadcapabilities" */ = {
			isa = XCConfigurationList;
			buildConfigurations = (
				3E908C831E70F82B00DE50DE /* Debug */,
				3E908C841E70F82B00DE50DE /* Release */,
			);
			defaultConfigurationIsVisible = 0;
		};
/* End XCConfigurationList section */
	};
	rootObject = 3E908C731E70F82B00DE50DE /* Project object */;
}
